
Microsoft Visual Studio Solution File, Format Version 12.00
# Visual Studio Version 17
VisualStudioVersion = 17.10.35013.160
MinimumVisualStudioVersion = 10.0.40219.1
Project("{FAE04EC0-301F-11D3-BF4B-00C04F79EFBC}") = "FinalMannMehta", "FinalMannMehta.csproj", "{15C5AA04-E89C-4530-B31C-85A62DD4536E}"
EndProject
Global
	GlobalSection(SolutionConfigurationPlatforms) = preSolution
		Debug|Any CPU = Debug|Any CPU
		Release|Any CPU = Release|Any CPU
	EndGlobalSection
	GlobalSection(ProjectConfigurationPlatforms) = postSolution
		{15C5AA04-E89C-4530-B31C-85A62DD4536E}.Debug|Any CPU.ActiveCfg = Debug|Any CPU
		{15C5AA04-E89C-4530-B31C-85A62DD4536E}.Debug|Any CPU.Build.0 = Debug|Any CPU
		{15C5AA04-E89C-4530-B31C-85A62DD4536E}.Release|Any CPU.ActiveCfg = Release|Any CPU
		{15C5AA04-E89C-4530-B31C-85A62DD4536E}.Release|Any CPU.Build.0 = Release|Any CPU
	EndGlobalSection
	GlobalSection(SolutionProperties) = preSolution
		HideSolutionNode = FALSE
	EndGlobalSection
	GlobalSection(ExtensibilityGlobals) = postSolution
		SolutionGuid = {B31DE75B-651F-4F07-94AD-EBB93DA20AB6}
	EndGlobalSection
EndGlobal
